// !$*UTF8*$!
{
	archiveVersion = 1;
	classes = {
	};
	objectVersion = 46;
	objects = {

/* Begin PBXBuildFile section */
		B4D53BBF1B7E4363004A37D1 /* main.m in Sources */ = {isa = PBXBuildFile; fileRef = B4D53BBE1B7E4363004A37D1 /* main.m */; };
		B4D53BC21B7E4363004A37D1 /* AppDelegate.m in Sources */ = {isa = PBXBuildFile; fileRef = B4D53BC11B7E4363004A37D1 /* AppDelegate.m */; };
		B4D53BC51B7E4363004A37D1 /* ViewController.m in Sources */ = {isa = PBXBuildFile; fileRef = B4D53BC41B7E4363004A37D1 /* ViewController.m */; };
		B4D53BC81B7E4363004A37D1 /* Main.storyboard in Resources */ = {isa = PBXBuildFile; fileRef = B4D53BC61B7E4363004A37D1 /* Main.storyboard */; };
		B4D53BCA1B7E4363004A37D1 /* Images.xcassets in Resources */ = {isa = PBXBuildFile; fileRef = B4D53BC91B7E4363004A37D1 /* Images.xcassets */; };
		B4D53BCD1B7E4363004A37D1 /* LaunchScreen.xib in Resources */ = {isa = PBXBuildFile; fileRef = B4D53BCB1B7E4363004A37D1 /* LaunchScreen.xib */; };
		B4D53BD91B7E4363004A37D1 /* myFirstApplicationTests.m in Sources */ = {isa = PBXBuildFile; fileRef = B4D53BD81B7E4363004A37D1 /* myFirstApplicationTests.m */; };
/* End PBXBuildFile section */

/* Begin PBXContainerItemProxy section */
		B4D53BD31B7E4363004A37D1 /* PBXContainerItemProxy */ = {
			isa = PBXContainerItemProxy;
			containerPortal = B4D53BB11B7E4363004A37D1 /* Project object */;
			proxyType = 1;
			remoteGlobalIDString = B4D53BB81B7E4363004A37D1;
			remoteInfo = myFirstApplication;
		};
/* End PBXContainerItemProxy section */

/* Begin PBXFileReference section */
		B4D53BB91B7E4363004A37D1 /* myFirstApplication.app */ = {isa = PBXFileReference; explicitFileType = wrapper.application; includeInIndex = 0; path = myFirstApplication.app; sourceTree = BUILT_PRODUCTS_DIR; };
		B4D53BBD1B7E4363004A37D1 /* Info.plist */ = {isa = PBXFileReference; lastKnownFileType = text.plist.xml; path = Info.plist; sourceTree = "<group>"; };
		B4D53BBE1B7E4363004A37D1 /* main.m */ = {isa = PBXFileReference; lastKnownFileType = sourcecode.c.objc; path = main.m; sourceTree = "<group>"; };
		B4D53BC01B7E4363004A37D1 /* AppDelegate.h */ = {isa = PBXFileReference; lastKnownFileType = sourcecode.c.h; path = AppDelegate.h; sourceTree = "<group>"; };
		B4D53BC11B7E4363004A37D1 /* AppDelegate.m */ = {isa = PBXFileReference; lastKnownFileType = sourcecode.c.objc; path = AppDelegate.m; sourceTree = "<group>"; };
		B4D53BC31B7E4363004A37D1 /* ViewController.h */ = {isa = PBXFileReference; lastKnownFileType = sourcecode.c.h; path = ViewController.h; sourceTree = "<group>"; };
		B4D53BC41B7E4363004A37D1 /* ViewController.m */ = {isa = PBXFileReference; lastKnownFileType = sourcecode.c.objc; path = ViewController.m; sourceTree = "<group>"; };
		B4D53BC71B7E4363004A37D1 /* Base */ = {isa = PBXFileReference; lastKnownFileType = file.storyboard; name = Base; path = Base.lproj/Main.storyboard; sourceTree = "<group>"; };
		B4D53BC91B7E4363004A37D1 /* Images.xcassets */ = {isa = PBXFileReference; lastKnownFileType = folder.assetcatalog; path = Images.xcassets; sourceTree = "<group>"; };
		B4D53BCC1B7E4363004A37D1 /* Base */ = {isa = PBXFileReference; lastKnownFileType = file.xib; name = Base; path = Base.lproj/LaunchScreen.xib; sourceTree = "<group>"; };
		B4D53BD21B7E4363004A37D1 /* myFirstApplicationTests.xctest */ = {isa = PBXFileReference; explicitFileType = wrapper.cfbundle; includeInIndex = 0; path = myFirstApplicationTests.xctest; sourceTree = BUILT_PRODUCTS_DIR; };
		B4D53BD71B7E4363004A37D1 /* Info.plist */ = {isa = PBXFileReference; lastKnownFileType = text.plist.xml; path = Info.plist; sourceTree = "<group>"; };
		B4D53BD81B7E4363004A37D1 /* myFirstApplicationTests.m */ = {isa = PBXFileReference; lastKnownFileType = sourcecode.c.objc; path = myFirstApplicationTests.m; sourceTree = "<group>"; };
/* End PBXFileReference section */

/* Begin PBXFrameworksBuildPhase section */
		B4D53BB61B7E4363004A37D1 /* Frameworks */ = {
			isa = PBXFrameworksBuildPhase;
			buildActionMask = 2147483647;
			files = (
			);
			runOnlyForDeploymentPostprocessing = 0;
		};
		B4D53BCF1B7E4363004A37D1 /* Frameworks */ = {
			isa = PBXFrameworksBuildPhase;
			buildActionMask = 2147483647;
			files = (
			);
			runOnlyForDeploymentPostprocessing = 0;
		};
/* End PBXFrameworksBuildPhase section */

/* Begin PBXGroup section */
		B4D53BB01B7E4363004A37D1 = {
			isa = PBXGroup;
			children = (
				B4D53BBB1B7E4363004A37D1 /* myFirstApplication */,
				B4D53BD51B7E4363004A37D1 /* myFirstApplicationTests */,
				B4D53BBA1B7E4363004A37D1 /* Products */,
			);
			sourceTree = "<group>";
		};
		B4D53BBA1B7E4363004A37D1 /* Products */ = {
			isa = PBXGroup;
			children = (
				B4D53BB91B7E4363004A37D1 /* myFirstApplication.app */,
				B4D53BD21B7E4363004A37D1 /* myFirstApplicationTests.xctest */,
			);
			name = Products;
			sourceTree = "<group>";
		};
		B4D53BBB1B7E4363004A37D1 /* myFirstApplication */ = {
			isa = PBXGroup;
			children = (
				B4D53BC01B7E4363004A37D1 /* AppDelegate.h */,
				B4D53BC11B7E4363004A37D1 /* AppDelegate.m */,
				B4D53BC31B7E4363004A37D1 /* ViewController.h */,
				B4D53BC41B7E4363004A37D1 /* ViewController.m */,
				B4D53BC61B7E4363004A37D1 /* Main.storyboard */,
				B4D53BC91B7E4363004A37D1 /* Images.xcassets */,
				B4D53BCB1B7E4363004A37D1 /* LaunchScreen.xib */,
				B4D53BBC1B7E4363004A37D1 /* Supporting Files */,
			);
			path = myFirstApplication;
			sourceTree = "<group>";
		};
		B4D53BBC1B7E4363004A37D1 /* Supporting Files */ = {
			isa = PBXGroup;
			children = (
				B4D53BBD1B7E4363004A37D1 /* Info.plist */,
				B4D53BBE1B7E4363004A37D1 /* main.m */,
			);
			name = "Supporting Files";
			sourceTree = "<group>";
		};
		B4D53BD51B7E4363004A37D1 /* myFirstApplicationTests */ = {
			isa = PBXGroup;
			children = (
				B4D53BD81B7E4363004A37D1 /* myFirstApplicationTests.m */,
				B4D53BD61B7E4363004A37D1 /* Supporting Files */,
			);
			path = myFirstApplicationTests;
			sourceTree = "<group>";
		};
		B4D53BD61B7E4363004A37D1 /* Supporting Files */ = {
			isa = PBXGroup;
			children = (
				B4D53BD71B7E4363004A37D1 /* Info.plist */,
			);
			name = "Supporting Files";
			sourceTree = "<group>";
		};
/* End PBXGroup section */

/* Begin PBXNativeTarget section */
		B4D53BB81B7E4363004A37D1 /* myFirstApplication */ = {
			isa = PBXNativeTarget;
			buildConfigurationList = B4D53BDC1B7E4363004A37D1 /* Build configuration list for PBXNativeTarget "myFirstApplication" */;
			buildPhases = (
				B4D53BB51B7E4363004A37D1 /* Sources */,
				B4D53BB61B7E4363004A37D1 /* Frameworks */,
				B4D53BB71B7E4363004A37D1 /* Resources */,
			);
			buildRules = (
			);
			dependencies = (
			);
			name = myFirstApplication;
			productName = myFirstApplication;
			productReference = B4D53BB91B7E4363004A37D1 /* myFirstApplication.app */;
			productType = "com.apple.product-type.application";
		};
		B4D53BD11B7E4363004A37D1 /* myFirstApplicationTests */ = {
			isa = PBXNativeTarget;
			buildConfigurationList = B4D53BDF1B7E4363004A37D1 /* Build configuration list for PBXNativeTarget "myFirstApplicationTests" */;
			buildPhases = (
				B4D53BCE1B7E4363004A37D1 /* Sources */,
				B4D53BCF1B7E4363004A37D1 /* Frameworks */,
				B4D53BD01B7E4363004A37D1 /* Resources */,
			);
			buildRules = (
			);
			dependencies = (
				B4D53BD41B7E4363004A37D1 /* PBXTargetDependency */,
			);
			name = myFirstApplicationTests;
			productName = myFirstApplicationTests;
			productReference = B4D53BD21B7E4363004A37D1 /* myFirstApplicationTests.xctest */;
			productType = "com.apple.product-type.bundle.unit-test";
		};
/* End PBXNativeTarget section */

/* Begin PBXProject section */
		B4D53BB11B7E4363004A37D1 /* Project object */ = {
			isa = PBXProject;
			attributes = {
				LastUpgradeCheck = 0640;
				ORGANIZATIONNAME = "Gupta, Sandeep";
				TargetAttributes = {
					B4D53BB81B7E4363004A37D1 = {
						CreatedOnToolsVersion = 6.4;
					};
					B4D53BD11B7E4363004A37D1 = {
						CreatedOnToolsVersion = 6.4;
						TestTargetID = B4D53BB81B7E4363004A37D1;
					};
				};
			};
			buildConfigurationList = B4D53BB41B7E4363004A37D1 /* Build configuration list for PBXProject "myFirstApplication" */;
			compatibilityVersion = "Xcode 3.2";
			developmentRegion = English;
			hasScannedForEncodings = 0;
			knownRegions = (
				en,
				Base,
			);
			mainGroup = B4D53BB01B7E4363004A37D1;
			productRefGroup = B4D53BBA1B7E4363004A37D1 /* Products */;
			projectDirPath = "";
			projectRoot = "";
			targets = (
				B4D53BB81B7E4363004A37D1 /* myFirstApplication */,
				B4D53BD11B7E4363004A37D1 /* myFirstApplicationTests */,
			);
		};
/* End PBXProject section */

/* Begin PBXResourcesBuildPhase section */
		B4D53BB71B7E4363004A37D1 /* Resources */ = {
			isa = PBXResourcesBuildPhase;
			buildActionMask = 2147483647;
			files = (
				B4D53BC81B7E4363004A37D1 /* Main.storyboard in Resources */,
				B4D53BCD1B7E4363004A37D1 /* LaunchScreen.xib in Resources */,
				B4D53BCA1B7E4363004A37D1 /* Images.xcassets in Resources */,
			);
			runOnlyForDeploymentPostprocessing = 0;
		};
		B4D53BD01B7E4363004A37D1 /* Resources */ = {
			isa = PBXResourcesBuildPhase;
			buildActionMask = 2147483647;
			files = (
			);
			runOnlyForDeploymentPostprocessing = 0;
		};
/* End PBXResourcesBuildPhase section */

/* Begin PBXSourcesBuildPhase section */
		B4D53BB51B7E4363004A37D1 /* Sources */ = {
			isa = PBXSourcesBuildPhase;
			buildActionMask = 2147483647;
			files = (
				B4D53BC51B7E4363004A37D1 /* ViewController.m in Sources */,
				B4D53BC21B7E4363004A37D1 /* AppDelegate.m in Sources */,
				B4D53BBF1B7E4363004A37D1 /* main.m in Sources */,
			);
			runOnlyForDeploymentPostprocessing = 0;
		};
		B4D53BCE1B7E4363004A37D1 /* Sources */ = {
			isa = PBXSourcesBuildPhase;
			buildActionMask = 2147483647;
			files = (
				B4D53BD91B7E4363004A37D1 /* myFirstApplicationTests.m in Sources */,
			);
			runOnlyForDeploymentPostprocessing = 0;
		};
/* End PBXSourcesBuildPhase section */

/* Begin PBXTargetDependency section */
		B4D53BD41B7E4363004A37D1 /* PBXTargetDependency */ = {
			isa = PBXTargetDependency;
			target = B4D53BB81B7E4363004A37D1 /* myFirstApplication */;
			targetProxy = B4D53BD31B7E4363004A37D1 /* PBXContainerItemProxy */;
		};
/* End PBXTargetDependency section */

/* Begin PBXVariantGroup section */
		B4D53BC61B7E4363004A37D1 /* Main.storyboard */ = {
			isa = PBXVariantGroup;
			children = (
				B4D53BC71B7E4363004A37D1 /* Base */,
			);
			name = Main.storyboard;
			sourceTree = "<group>";
		};
		B4D53BCB1B7E4363004A37D1 /* LaunchScreen.xib */ = {
			isa = PBXVariantGroup;
			children = (
				B4D53BCC1B7E4363004A37D1 /* Base */,
			);
			name = LaunchScreen.xib;
			sourceTree = "<group>";
		};
/* End PBXVariantGroup section */

/* Begin XCBuildConfiguration section */
		B4D53BDA1B7E4363004A37D1 /* Debug */ = {
			isa = XCBuildConfiguration;
			buildSettings = {
				ALWAYS_SEARCH_USER_PATHS = NO;
				CLANG_CXX_LANGUAGE_STANDARD = "gnu++0x";
				CLANG_CXX_LIBRARY = "libc++";
				CLANG_ENABLE_MODULES = YES;
				CLANG_ENABLE_OBJC_ARC = YES;
				CLANG_WARN_BOOL_CONVERSION = YES;
				CLANG_WARN_CONSTANT_CONVERSION = YES;
				CLANG_WARN_DIRECT_OBJC_ISA_USAGE = YES_ERROR;
				CLANG_WARN_EMPTY_BODY = YES;
				CLANG_WARN_ENUM_CONVERSION = YES;
				CLANG_WARN_INT_CONVERSION = YES;
				CLANG_WARN_OBJC_ROOT_CLASS = YES_ERROR;
				CLANG_WARN_UNREACHABLE_CODE = YES;
				CLANG_WARN__DUPLICATE_METHOD_MATCH = YES;
				"CODE_SIGN_IDENTITY[sdk=iphoneos*]" = "iPhone Developer";
				COPY_PHASE_STRIP = NO;
				DEBUG_INFORMATION_FORMAT = "dwarf-with-dsym";
				ENABLE_STRICT_OBJC_MSGSEND = YES;
				GCC_C_LANGUAGE_STANDARD = gnu99;
				GCC_DYNAMIC_NO_PIC = NO;
				GCC_NO_COMMON_BLOCKS = YES;
				GCC_OPTIMIZATION_LEVEL = 0;
				GCC_PREPROCESSOR_DEFINITIONS = (
					"DEBUG=1",
					"$(inherited)",
				);
				GCC_SYMBOLS_PRIVATE_EXTERN = NO;
				GCC_WARN_64_TO_32_BIT_CONVERSION = YES;
				GCC_WARN_ABOUT_RETURN_TYPE = YES_ERROR;
				GCC_WARN_UNDECLARED_SELECTOR = YES;
				GCC_WARN_UNINITIALIZED_AUTOS = YES_AGGRESSIVE;
				GCC_WARN_UNUSED_FUNCTION = YES;
				GCC_WARN_UNUSED_VARIABLE = YES;
				IPHONEOS_DEPLOYMENT_TARGET = 8.4;
				MTL_ENABLE_DEBUG_INFO = YES;
				ONLY_ACTIVE_ARCH = YES;
				SDKROOT = iphoneos;
			};
			name = Debug;
		};
		B4D53BDB1B7E4363004A37D1 /* Release */ = {
			isa = XCBuildConfiguration;
			buildSettings = {
				ALWAYS_SEARCH_USER_PATHS = NO;
				CLANG_CXX_LANGUAGE_STANDARD = "gnu++0x";
				CLANG_CXX_LIBRARY = "libc++";
				CLANG_ENABLE_MODULES = YES;
				CLANG_ENABLE_OBJC_ARC = YES;
				CLANG_WARN_BOOL_CONVERSION = YES;
				CLANG_WARN_CONSTANT_CONVERSION = YES;
				CLANG_WARN_DIRECT_OBJC_ISA_USAGE = YES_ERROR;
				CLANG_WARN_EMPTY_BODY = YES;
				CLANG_WARN_ENUM_CONVERSION = YES;
				CLANG_WARN_INT_CONVERSION = YES;
				CLANG_WARN_OBJC_ROOT_CLASS = YES_ERROR;
				CLANG_WARN_UNREACHABLE_CODE = YES;
				CLANG_WARN__DUPLICATE_METHOD_MATCH = YES;
				"CODE_SIGN_IDENTITY[sdk=iphoneos*]" = "iPhone Developer";
				COPY_PHASE_STRIP = NO;
				DEBUG_INFORMATION_FORMAT = "dwarf-with-dsym";
				ENABLE_NS_ASSERTIONS = NO;
				ENABLE_STRICT_OBJC_MSGSEND = YES;
				GCC_C_LANGUAGE_STANDARD = gnu99;
				GCC_NO_COMMON_BLOCKS = YES;
				GCC_WARN_64_TO_32_BIT_CONVERSION = YES;
				GCC_WARN_ABOUT_RETURN_TYPE = YES_ERROR;
				GCC_WARN_UNDECLARED_SELECTOR = YES;
				GCC_WARN_UNINITIALIZED_AUTOS = YES_AGGRESSIVE;
				GCC_WARN_UNUSED_FUNCTION = YES;
				GCC_WARN_UNUSED_VARIABLE = YES;
				IPHONEOS_DEPLOYMENT_TARGET = 8.4;
				MTL_ENABLE_DEBUG_INFO = NO;
				SDKROOT = iphoneos;
				VALIDATE_PRODUCT = YES;
			};
			name = Release;
		};
		B4D53BDD1B7E4363004A37D1 /* Debug */ = {
			isa = XCBuildConfiguration;
			buildSettings = {
				ASSETCATALOG_COMPILER_APPICON_NAME = AppIcon;
				INFOPLIST_FILE = myFirstApplication/Info.plist;
				LD_RUNPATH_SEARCH_PATHS = "$(inherited) @executable_path/Frameworks";
				PRODUCT_NAME = "$(TARGET_NAME)";
			};
			name = Debug;
		};
		B4D53BDE1B7E4363004A37D1 /* Release */ = {
			isa = XCBuildConfiguration;
			buildSettings = {
				ASSETCATALOG_COMPILER_APPICON_NAME = AppIcon;
				INFOPLIST_FILE = myFirstApplication/Info.plist;
				LD_RUNPATH_SEARCH_PATHS = "$(inherited) @executable_path/Frameworks";
				PRODUCT_NAME = "$(TARGET_NAME)";
			};
			name = Release;
		};
		B4D53BE01B7E4363004A37D1 /* Debug */ = {
			isa = XCBuildConfiguration;
			buildSettings = {
				BUNDLE_LOADER = "$(TEST_HOST)";
				FRAMEWORK_SEARCH_PATHS = (
					"$(SDKROOT)/Developer/Library/Frameworks",
					"$(inherited)",
				);
				GCC_PREPROCESSOR_DEFINITIONS = (
					"DEBUG=1",
					"$(inherited)",
				);
				INFOPLIST_FILE = myFirstApplicationTests/Info.plist;
				LD_RUNPATH_SEARCH_PATHS = "$(inherited) @executable_path/Frameworks @loader_path/Frameworks";
				PRODUCT_NAME = "$(TARGET_NAME)";
				TEST_HOST = "$(BUILT_PRODUCTS_DIR)/myFirstApplication.app/myFirstApplication";
			};
			name = Debug;
		};
		B4D53BE11B7E4363004A37D1 /* Release */ = {
			isa = XCBuildConfiguration;
			buildSettings = {
				BUNDLE_LOADER = "$(TEST_HOST)";
				FRAMEWORK_SEARCH_PATHS = (
					"$(SDKROOT)/Developer/Library/Frameworks",
					"$(inherited)",
				);
				INFOPLIST_FILE = myFirstApplicationTests/Info.plist;
				LD_RUNPATH_SEARCH_PATHS = "$(inherited) @executable_path/Frameworks @loader_path/Frameworks";
				PRODUCT_NAME = "$(TARGET_NAME)";
				TEST_HOST = "$(BUILT_PRODUCTS_DIR)/myFirstApplication.app/myFirstApplication";
			};
			name = Release;
		};
/* End XCBuildConfiguration section */

/* Begin XCConfigurationList section */
		B4D53BB41B7E4363004A37D1 /* Build configuration list for PBXProject "myFirstApplication" */ = {
			isa = XCConfigurationList;
			buildConfigurations = (
				B4D53BDA1B7E4363004A37D1 /* Debug */,
				B4D53BDB1B7E4363004A37D1 /* Release */,
			);
			defaultConfigurationIsVisible = 0;
			defaultConfigurationName = Release;
		};
		B4D53BDC1B7E4363004A37D1 /* Build configuration list for PBXNativeTarget "myFirstApplication" */ = {
			isa = XCConfigurationList;
			buildConfigurations = (
				B4D53BDD1B7E4363004A37D1 /* Debug */,
				B4D53BDE1B7E4363004A37D1 /* Release */,
			);
			defaultConfigurationIsVisible = 0;
		};
		B4D53BDF1B7E4363004A37D1 /* Build configuration list for PBXNativeTarget "myFirstApplicationTests" */ = {
			isa = XCConfigurationList;
			buildConfigurations = (
				B4D53BE01B7E4363004A37D1 /* Debug */,
				B4D53BE11B7E4363004A37D1 /* Release */,
			);
			defaultConfigurationIsVisible = 0;
		};
/* End XCConfigurationList section */
	};
	rootObject = B4D53BB11B7E4363004A37D1 /* Project object */;
}
